
Microsoft Visual Studio Solution File, Format Version 12.00
# Visual Studio Version 16
VisualStudioVersion = 16.0.32510.428
MinimumVisualStudioVersion = 10.0.40219.1
Project("{FAE04EC0-301F-11D3-BF4B-00C04F79EFBC}") = "Proyecto_Web_Inventario", "Proyecto_Web_Inventario.csproj", "{4ACD4C49-FBE8-480B-9F15-E1981A40C7FB}"
EndProject
Global
	GlobalSection(SolutionConfigurationPlatforms) = preSolution
		Debug|Any CPU = Debug|Any CPU
		Release|Any CPU = Release|Any CPU
	EndGlobalSection
	GlobalSection(ProjectConfigurationPlatforms) = postSolution
		{4ACD4C49-FBE8-480B-9F15-E1981A40C7FB}.Debug|Any CPU.ActiveCfg = Debug|Any CPU
		{4ACD4C49-FBE8-480B-9F15-E1981A40C7FB}.Debug|Any CPU.Build.0 = Debug|Any CPU
		{4ACD4C49-FBE8-480B-9F15-E1981A40C7FB}.Release|Any CPU.ActiveCfg = Release|Any CPU
		{4ACD4C49-FBE8-480B-9F15-E1981A40C7FB}.Release|Any CPU.Build.0 = Release|Any CPU
	EndGlobalSection
	GlobalSection(SolutionProperties) = preSolution
		HideSolutionNode = FALSE
	EndGlobalSection
	GlobalSection(ExtensibilityGlobals) = postSolution
		SolutionGuid = {4CDF06E3-72C6-4E9B-950D-A51173D9B2B2}
	EndGlobalSection
EndGlobal
